github.com/asaskevich/EventBus v0.0.0-20200907212545-49d423059eef h1:2JGTg6JapxP9/R33ZaagQtAM4EkkSYnIAlOG5EI8gkM=
github.com/asaskevich/EventBus v0.0.0-20200907212545-49d423059eef/go.mod h1:JS7hed4L1fj0hXcyEejnW57/7LCetXggd+vwrRnYeII=
github.com/evillt/webview v0.0.0-20210821151613-9ae68d931b8a h1:mhzDdRaX2rM8DrxIHyJrSMae9w7FzX+2Xp46BJ+QPio=
github.com/evillt/webview v0.0.0-20210821151613-9ae68d931b8a/go.mod h1:J7/NGqXtTwMDgs6FRaw4Fm65mPn2zvLnWHU/UKAsL4s=
github.com/gorilla/websocket v1.4.2 h1:+/TMaTYc4QFitKJxsQ7Yye35DkWvkdLcvGKqM+x0Ufc=
github.com/gorilla/websocket v1.4.2/go.mod h1:YR8l580nyteQvAITg2hZ9XVh4b55+EU/adAjf1fMHhE=
github.com/klauspost/cpuid/v2 v2.0.9 h1:lgaqFMSdTdQYdZ04uHyN2d/eKdOMyi2YLSvlQIBFYa4=
github.com/klauspost/cpuid/v2 v2.0.9/go.mod h1:FInQzS24/EEf25PyTYn52gqo7WaD8xa0213Md/qVLRg=
github.com/pkg/browser v0.0.0-20210706143420-7d21f8c997e2 h1:acNfDZXmm28D2Yg/c3ALnZStzNaZMSagpbr96vY6Zjc=
github.com/pkg/browser v0.0.0-20210706143420-7d21f8c997e2/go.mod h1:HKlIX3XHQyzLZPlr7++PzdhaXEj94dEiJgZDTsxEqUI=
golang.org/x/sys v0.0.0-20210616045830-e2b7044e8c71 h1:X/2sJAybVknnUnV7AD2HdT6rm2p5BP6eH2j+igduWgk=
golang.org/x/sys v0.0.0-20210616045830-e2b7044e8c71/go.mod h1:oPkhp1MJrh7nUepCBck5+mAzfO9JrbApNNgaTdGDITg=
